
Microsoft Visual Studio Solution File, Format Version 12.00
# Visual Studio Version 16
VisualStudioVersion = 16.0.30204.135
MinimumVisualStudioVersion = 10.0.40219.1
Project("{9A19103F-16F7-4668-BE54-9A1E7A4F7556}") = "poc_productservice", "poc_productservice\poc_productservice.csproj", "{393E9F4B-7224-4F85-8ABF-BA494BE97BBB}"
EndProject
Project("{9A19103F-16F7-4668-BE54-9A1E7A4F7556}") = "poc_productdatabase", "poc_productdatabase\poc_productdatabase.csproj", "{079E5BB7-3D5D-4373-9D27-C6C64891FA6D}"
EndProject
Project("{9A19103F-16F7-4668-BE54-9A1E7A4F7556}") = "poc_common", "poc_common\poc_common.csproj", "{ADB726B3-F15C-47C9-BCC9-AF1C72B39B2A}"
EndProject
Project("{9A19103F-16F7-4668-BE54-9A1E7A4F7556}") = "poc_resource", "poc_resource\poc_resource.csproj", "{EF292B87-EFF0-4F4E-A301-8C4ABD1AA522}"
EndProject
Project("{9A19103F-16F7-4668-BE54-9A1E7A4F7556}") = "poc_service", "poc_service\poc_service.csproj", "{4AD581E2-DDEE-4EBB-93EC-C1855380EC4C}"
EndProject
Project("{FAE04EC0-301F-11D3-BF4B-00C04F79EFBC}") = "poc_search", "poc_search\poc_search.csproj", "{F2434F10-C650-4D6B-9616-1529D9819449}"
EndProject
Global
	GlobalSection(SolutionConfigurationPlatforms) = preSolution
		Debug|Any CPU = Debug|Any CPU
		Release|Any CPU = Release|Any CPU
	EndGlobalSection
	GlobalSection(ProjectConfigurationPlatforms) = postSolution
		{393E9F4B-7224-4F85-8ABF-BA494BE97BBB}.Debug|Any CPU.ActiveCfg = Debug|Any CPU
		{393E9F4B-7224-4F85-8ABF-BA494BE97BBB}.Debug|Any CPU.Build.0 = Debug|Any CPU
		{393E9F4B-7224-4F85-8ABF-BA494BE97BBB}.Release|Any CPU.ActiveCfg = Release|Any CPU
		{393E9F4B-7224-4F85-8ABF-BA494BE97BBB}.Release|Any CPU.Build.0 = Release|Any CPU
		{079E5BB7-3D5D-4373-9D27-C6C64891FA6D}.Debug|Any CPU.ActiveCfg = Debug|Any CPU
		{079E5BB7-3D5D-4373-9D27-C6C64891FA6D}.Debug|Any CPU.Build.0 = Debug|Any CPU
		{079E5BB7-3D5D-4373-9D27-C6C64891FA6D}.Release|Any CPU.ActiveCfg = Release|Any CPU
		{079E5BB7-3D5D-4373-9D27-C6C64891FA6D}.Release|Any CPU.Build.0 = Release|Any CPU
		{ADB726B3-F15C-47C9-BCC9-AF1C72B39B2A}.Debug|Any CPU.ActiveCfg = Debug|Any CPU
		{ADB726B3-F15C-47C9-BCC9-AF1C72B39B2A}.Debug|Any CPU.Build.0 = Debug|Any CPU
		{ADB726B3-F15C-47C9-BCC9-AF1C72B39B2A}.Release|Any CPU.ActiveCfg = Release|Any CPU
		{ADB726B3-F15C-47C9-BCC9-AF1C72B39B2A}.Release|Any CPU.Build.0 = Release|Any CPU
		{EF292B87-EFF0-4F4E-A301-8C4ABD1AA522}.Debug|Any CPU.ActiveCfg = Debug|Any CPU
		{EF292B87-EFF0-4F4E-A301-8C4ABD1AA522}.Debug|Any CPU.Build.0 = Debug|Any CPU
		{EF292B87-EFF0-4F4E-A301-8C4ABD1AA522}.Release|Any CPU.ActiveCfg = Release|Any CPU
		{EF292B87-EFF0-4F4E-A301-8C4ABD1AA522}.Release|Any CPU.Build.0 = Release|Any CPU
		{4AD581E2-DDEE-4EBB-93EC-C1855380EC4C}.Debug|Any CPU.ActiveCfg = Debug|Any CPU
		{4AD581E2-DDEE-4EBB-93EC-C1855380EC4C}.Debug|Any CPU.Build.0 = Debug|Any CPU
		{4AD581E2-DDEE-4EBB-93EC-C1855380EC4C}.Release|Any CPU.ActiveCfg = Release|Any CPU
		{4AD581E2-DDEE-4EBB-93EC-C1855380EC4C}.Release|Any CPU.Build.0 = Release|Any CPU
		{F2434F10-C650-4D6B-9616-1529D9819449}.Debug|Any CPU.ActiveCfg = Debug|Any CPU
		{F2434F10-C650-4D6B-9616-1529D9819449}.Debug|Any CPU.Build.0 = Debug|Any CPU
		{F2434F10-C650-4D6B-9616-1529D9819449}.Release|Any CPU.ActiveCfg = Release|Any CPU
		{F2434F10-C650-4D6B-9616-1529D9819449}.Release|Any CPU.Build.0 = Release|Any CPU
	EndGlobalSection
	GlobalSection(SolutionProperties) = preSolution
		HideSolutionNode = FALSE
	EndGlobalSection
	GlobalSection(ExtensibilityGlobals) = postSolution
		SolutionGuid = {F1FC79CD-F4D0-4A91-A811-AA54C07BBE8C}
	EndGlobalSection
EndGlobal
